hash: a224aa3f779fa92baadee1b65a66ddede0105ddf4094b102e9f580264642f28a
updated: 2018-10-25T09:48:37.74958+09:00
imports:
- name: github.com/davecgh/go-spew
  version: d8f796af33cc11cb798c1aaeb27a4ebc5099927d
  subpackages:
  - spew
- name: github.com/google/btree
  version: 4030bb1f1f0c35b30ca7009e9ebd06849dd45306
- name: github.com/jessevdk/go-flags
  version: 9c49a3351d49777ccd40148b5cdf6f2998f51087
- name: github.com/lestrrat-go/pdebug
  version: 39f9a71bcabe9432cbdfe4d3d33f41988acd2ce6
- name: github.com/lestrrat/go-pdebug
  version: 39f9a71bcabe9432cbdfe4d3d33f41988acd2ce6
  repo: git@github.com:/lestrrat-go/pdebug
  vcs: git
- name: github.com/mattn/go-runewidth
  version: 7995f652673e7b08043533df4f536d8dc9cf2fc5
- name: github.com/nsf/termbox-go
  version: b66b20ab708e289ff1eb3e218478302e6aec28ce
- name: github.com/pkg/errors
  version: 059132a15dd08d6704c67711dae0cf35ab991756
testImports:
- name: github.com/pmezard/go-difflib
  version: 792786c7400a136282c1664665ae0a8db921c6c2
  subpackages:
  - difflib
- name: github.com/stretchr/testify
  version: 04af85275a5c7ac09d16bb3b9b2e751ed45154e5
  subpackages:
  - assert
