github.com/davecgh/go-spew v1.1.0 h1:ZDRjVQ15GmhC3fiQ8ni8+OwkZQO4DARzQgrnXU1Liz8=
github.com/davecgh/go-spew v1.1.0/go.mod h1:J7Y8YcW2NihsgmVo/mv3lAwl/skON4iLHjSsI+c5H38=
github.com/google/btree v0.0.0-20161213163243-0c3044bc8bad h1:IIXE5Gtu2VS7SL3lhB61iSliE+jpOwuYDYAH4HGxGwY=
github.com/google/btree v0.0.0-20161213163243-0c3044bc8bad/go.mod h1:lNA+9X1NB3Zf8V7Ke586lFgjr2dZNuvo3lPJSGZ5JPQ=
github.com/jessevdk/go-flags v1.1.0 h1:Geou1o2RJhW9nUu+puVL2ASZMWjfj6+uy97+byGKL98=
github.com/jessevdk/go-flags v1.1.0/go.mod h1:4FA24M0QyGHXBuZZK/XkWh8h0e1EYbRYJSGM75WSRxI=
github.com/lestrrat-go/pdebug v0.0.0-20180220043849-39f9a71bcabe h1:S7XSBlgc/eI2v47LkPPVa+infH3FuTS4tPJbqCtJovo=
github.com/lestrrat-go/pdebug v0.0.0-20180220043849-39f9a71bcabe/go.mod h1:zvUY6gZZVL2nu7NM+/3b51Z/hxyFZCZxV0hvfZ3NJlg=
github.com/mattn/go-runewidth v0.0.0-20161012013512-737072b4e32b h1:idzeyUe3K4aU/SIZWMykIkJJyTD7CgDkxUQEjV07fno=
github.com/mattn/go-runewidth v0.0.0-20161012013512-737072b4e32b/go.mod h1:LwmH8dsx7+W8Uxz3IHJYH5QSwggIsqBzpuz5H//U1FU=
github.com/nsf/termbox-go v0.0.0-20190817171036-93860e161317 h1:hhGN4SFXgXo61Q4Sjj/X9sBjyeSa2kdpaOzCO+8EVQw=
github.com/nsf/termbox-go v0.0.0-20190817171036-93860e161317/go.mod h1:IuKpRQcYE1Tfu+oAQqaLisqDeXgjyyltCfsaoYN18NQ=
github.com/pkg/errors v0.0.0-20161029093637-248dadf4e906 h1:aXc/AM323HlkOXjl3QuSO06wbXK45HrzBT+pwVOufXg=
github.com/pkg/errors v0.0.0-20161029093637-248dadf4e906/go.mod h1:bwawxfHBFNV+L2hUp1rHADufV3IMtnDRdf1r5NINEl0=
github.com/pmezard/go-difflib v1.0.0 h1:4DBwDE0NGyQoBHbLQYPwSUPoCMWR5BEzIk/f1lZbAQM=
github.com/pmezard/go-difflib v1.0.0/go.mod h1:iKH77koFhYxTK1pcRnkKkqfTogsbg7gZNVY4sRDYZ/4=
github.com/stretchr/testify v0.0.0-20161117074351-18a02ba4a312 h1:UsFdQ3ZmlzS0BqZYGxvYaXvFGUbCmPGy8DM7qWJJiIQ=
github.com/stretchr/testify v0.0.0-20161117074351-18a02ba4a312/go.mod h1:a8OnRcib4nhh0OaRAV+Yts87kKdq0PP7pXfy6kDkUVs=
